
Microsoft Visual Studio Solution File, Format Version 12.00
# Visual Studio Version 17
VisualStudioVersion = 17.14.36121.58 d17.14
MinimumVisualStudioVersion = 10.0.40219.1
Project("{FAE04EC0-301F-11D3-BF4B-00C04F79EFBC}") = "Ej1", "Ej1\Ej1.csproj", "{FFFC60F8-E6CF-4DA0-98FE-3468F5D9FD56}"
EndProject
Global
	GlobalSection(SolutionConfigurationPlatforms) = preSolution
		Debug|Any CPU = Debug|Any CPU
		Release|Any CPU = Release|Any CPU
	EndGlobalSection
	GlobalSection(ProjectConfigurationPlatforms) = postSolution
		{FFFC60F8-E6CF-4DA0-98FE-3468F5D9FD56}.Debug|Any CPU.ActiveCfg = Debug|Any CPU
		{FFFC60F8-E6CF-4DA0-98FE-3468F5D9FD56}.Debug|Any CPU.Build.0 = Debug|Any CPU
		{FFFC60F8-E6CF-4DA0-98FE-3468F5D9FD56}.Release|Any CPU.ActiveCfg = Release|Any CPU
		{FFFC60F8-E6CF-4DA0-98FE-3468F5D9FD56}.Release|Any CPU.Build.0 = Release|Any CPU
	EndGlobalSection
	GlobalSection(SolutionProperties) = preSolution
		HideSolutionNode = FALSE
	EndGlobalSection
	GlobalSection(ExtensibilityGlobals) = postSolution
		SolutionGuid = {D187B9E4-3C69-4B29-A132-18ECF80DDB28}
	EndGlobalSection
EndGlobal
